
Microsoft Visual Studio Solution File, Format Version 12.00
# Visual Studio 15
VisualStudioVersion = 15.0.27130.2010
MinimumVisualStudioVersion = 10.0.40219.1
Project("{FAE04EC0-301F-11D3-BF4B-00C04F79EFBC}") = "CRM", "CRM\CRM.csproj", "{0E525784-72AE-4E70-8AAA-E4A3042CD7A9}"
EndProject
Project("{FAE04EC0-301F-11D3-BF4B-00C04F79EFBC}") = "CRMReviewed", "CRMReviewed\CRMReviewed.csproj", "{58EAFAEF-E5B6-4075-905F-1967B8504951}"
EndProject
Project("{FAE04EC0-301F-11D3-BF4B-00C04F79EFBC}") = "CRMVs2", "CRMV2\CRMVs2.csproj", "{FC8B9DFC-2DDA-44D3-98A7-9A773A653FBE}"
EndProject
Global
	GlobalSection(SolutionConfigurationPlatforms) = preSolution
		Debug|Any CPU = Debug|Any CPU
		Release|Any CPU = Release|Any CPU
	EndGlobalSection
	GlobalSection(ProjectConfigurationPlatforms) = postSolution
		{0E525784-72AE-4E70-8AAA-E4A3042CD7A9}.Debug|Any CPU.ActiveCfg = Debug|Any CPU
		{0E525784-72AE-4E70-8AAA-E4A3042CD7A9}.Debug|Any CPU.Build.0 = Debug|Any CPU
		{0E525784-72AE-4E70-8AAA-E4A3042CD7A9}.Release|Any CPU.ActiveCfg = Release|Any CPU
		{0E525784-72AE-4E70-8AAA-E4A3042CD7A9}.Release|Any CPU.Build.0 = Release|Any CPU
		{58EAFAEF-E5B6-4075-905F-1967B8504951}.Debug|Any CPU.ActiveCfg = Debug|Any CPU
		{58EAFAEF-E5B6-4075-905F-1967B8504951}.Debug|Any CPU.Build.0 = Debug|Any CPU
		{58EAFAEF-E5B6-4075-905F-1967B8504951}.Release|Any CPU.ActiveCfg = Release|Any CPU
		{58EAFAEF-E5B6-4075-905F-1967B8504951}.Release|Any CPU.Build.0 = Release|Any CPU
		{FC8B9DFC-2DDA-44D3-98A7-9A773A653FBE}.Debug|Any CPU.ActiveCfg = Debug|Any CPU
		{FC8B9DFC-2DDA-44D3-98A7-9A773A653FBE}.Debug|Any CPU.Build.0 = Debug|Any CPU
		{FC8B9DFC-2DDA-44D3-98A7-9A773A653FBE}.Release|Any CPU.ActiveCfg = Release|Any CPU
		{FC8B9DFC-2DDA-44D3-98A7-9A773A653FBE}.Release|Any CPU.Build.0 = Release|Any CPU
	EndGlobalSection
	GlobalSection(SolutionProperties) = preSolution
		HideSolutionNode = FALSE
	EndGlobalSection
	GlobalSection(ExtensibilityGlobals) = postSolution
		SolutionGuid = {89BE17FD-FD9D-4096-8C6D-6B3B1F2719C0}
	EndGlobalSection
EndGlobal
